
Microsoft Visual Studio Solution File, Format Version 12.00
# Visual Studio Version 17
VisualStudioVersion = 17.5.002.0
MinimumVisualStudioVersion = 10.0.40219.1
Project("{9A19103F-16F7-4668-BE54-9A1E7A4F7556}") = "OneIdentityAPI", "OneIdentityAPI\OneIdentityAPI.csproj", "{D6068DEA-3408-41AF-9255-61B6E2895EAE}"
EndProject
Global
	GlobalSection(SolutionConfigurationPlatforms) = preSolution
		Debug|Any CPU = Debug|Any CPU
		Release|Any CPU = Release|Any CPU
	EndGlobalSection
	GlobalSection(ProjectConfigurationPlatforms) = postSolution
		{D6068DEA-3408-41AF-9255-61B6E2895EAE}.Debug|Any CPU.ActiveCfg = Debug|Any CPU
		{D6068DEA-3408-41AF-9255-61B6E2895EAE}.Debug|Any CPU.Build.0 = Debug|Any CPU
		{D6068DEA-3408-41AF-9255-61B6E2895EAE}.Release|Any CPU.ActiveCfg = Release|Any CPU
		{D6068DEA-3408-41AF-9255-61B6E2895EAE}.Release|Any CPU.Build.0 = Release|Any CPU
	EndGlobalSection
	GlobalSection(SolutionProperties) = preSolution
		HideSolutionNode = FALSE
	EndGlobalSection
	GlobalSection(ExtensibilityGlobals) = postSolution
		SolutionGuid = {9FD5CE2F-B28F-4AC1-B49F-E873695F3D18}
	EndGlobalSection
EndGlobal
